
Microsoft Visual Studio Solution File, Format Version 12.00
# Visual Studio 15
VisualStudioVersion = 15.0.28307.421
MinimumVisualStudioVersion = 10.0.40219.1
Project("{FAE04EC0-301F-11D3-BF4B-00C04F79EFBC}") = "Cliente", "Cliente\Cliente.csproj", "{5E407F34-589E-4240-8D10-B58ABCF616C7}"
EndProject
Project("{FAE04EC0-301F-11D3-BF4B-00C04F79EFBC}") = "Server", "Server\Server.csproj", "{C958AA5F-1A78-4091-9283-444B70351A5B}"
EndProject
Global
	GlobalSection(SolutionConfigurationPlatforms) = preSolution
		Debug|Any CPU = Debug|Any CPU
		Release|Any CPU = Release|Any CPU
	EndGlobalSection
	GlobalSection(ProjectConfigurationPlatforms) = postSolution
		{5E407F34-589E-4240-8D10-B58ABCF616C7}.Debug|Any CPU.ActiveCfg = Debug|Any CPU
		{5E407F34-589E-4240-8D10-B58ABCF616C7}.Debug|Any CPU.Build.0 = Debug|Any CPU
		{5E407F34-589E-4240-8D10-B58ABCF616C7}.Release|Any CPU.ActiveCfg = Release|Any CPU
		{5E407F34-589E-4240-8D10-B58ABCF616C7}.Release|Any CPU.Build.0 = Release|Any CPU
		{C958AA5F-1A78-4091-9283-444B70351A5B}.Debug|Any CPU.ActiveCfg = Debug|Any CPU
		{C958AA5F-1A78-4091-9283-444B70351A5B}.Debug|Any CPU.Build.0 = Debug|Any CPU
		{C958AA5F-1A78-4091-9283-444B70351A5B}.Release|Any CPU.ActiveCfg = Release|Any CPU
		{C958AA5F-1A78-4091-9283-444B70351A5B}.Release|Any CPU.Build.0 = Release|Any CPU
	EndGlobalSection
	GlobalSection(SolutionProperties) = preSolution
		HideSolutionNode = FALSE
	EndGlobalSection
	GlobalSection(ExtensibilityGlobals) = postSolution
		SolutionGuid = {1FC3498F-4049-49BD-8DB9-EF51CF6B5520}
	EndGlobalSection
EndGlobal
